// !$*UTF8*$!
{
	archiveVersion = 1;
	classes = {
	};
	objectVersion = 45;
	objects = {

/* Begin PBXBuildFile section */
		1ECBFBB91F56B25A005C517A /* Deserializer.swift in Sources */ = {isa = PBXBuildFile; fileRef = 1ECBFBB81F56B25A005C517A /* Deserializer.swift */; };
		1ECBFBBC1F56BB13005C517A /* MapKit.framework in Frameworks */ = {isa = PBXBuildFile; fileRef = 1ECBFBBB1F56BB13005C517A /* MapKit.framework */; };
		1EEA17F21D52115A00205837 /* ResponseHandler.swift in Sources */ = {isa = PBXBuildFile; fileRef = 1EEA17ED1D52115A00205837 /* ResponseHandler.swift */; };
		1EEA17F31D52115A00205837 /* JSON.swift in Sources */ = {isa = PBXBuildFile; fileRef = 1EEA17EE1D52115A00205837 /* JSON.swift */; };
		1EEA17F41D52115A00205837 /* RestController.swift in Sources */ = {isa = PBXBuildFile; fileRef = 1EEA17EF1D52115A00205837 /* RestController.swift */; };
		1EEA17F51D52115A00205837 /* Result.swift in Sources */ = {isa = PBXBuildFile; fileRef = 1EEA17F11D52115A00205837 /* Result.swift */; };
		B2F370F31D50E85F003D6A17 /* AppDelegate.swift in Sources */ = {isa = PBXBuildFile; fileRef = B2F370F21D50E85F003D6A17 /* AppDelegate.swift */; };
		B2F370F51D50E85F003D6A17 /* ViewController.swift in Sources */ = {isa = PBXBuildFile; fileRef = B2F370F41D50E85F003D6A17 /* ViewController.swift */; };
		B2F370F81D50E85F003D6A17 /* Main.storyboard in Resources */ = {isa = PBXBuildFile; fileRef = B2F370F61D50E85F003D6A17 /* Main.storyboard */; };
		B2F370FA1D50E85F003D6A17 /* Assets.xcassets in Resources */ = {isa = PBXBuildFile; fileRef = B2F370F91D50E85F003D6A17 /* Assets.xcassets */; };
		B2F370FD1D50E85F003D6A17 /* LaunchScreen.storyboard in Resources */ = {isa = PBXBuildFile; fileRef = B2F370FB1D50E85F003D6A17 /* LaunchScreen.storyboard */; };
		B2F371081D50E85F003D6A17 /* MapcodeTests.swift in Sources */ = {isa = PBXBuildFile; fileRef = B2F371071D50E85F003D6A17 /* MapcodeTests.swift */; };
		B2F371131D50E860003D6A17 /* MapcodeUITests.swift in Sources */ = {isa = PBXBuildFile; fileRef = B2F371121D50E860003D6A17 /* MapcodeUITests.swift */; };
/* End PBXBuildFile section */

/* Begin PBXContainerItemProxy section */
		B2F371041D50E85F003D6A17 /* PBXContainerItemProxy */ = {
			isa = PBXContainerItemProxy;
			containerPortal = B2F370E71D50E85F003D6A17 /* Project object */;
			proxyType = 1;
			remoteGlobalIDString = B2F370EE1D50E85F003D6A17;
			remoteInfo = Mapcode;
		};
		B2F3710F1D50E85F003D6A17 /* PBXContainerItemProxy */ = {
			isa = PBXContainerItemProxy;
			containerPortal = B2F370E71D50E85F003D6A17 /* Project object */;
			proxyType = 1;
			remoteGlobalIDString = B2F370EE1D50E85F003D6A17;
			remoteInfo = Mapcode;
		};
/* End PBXContainerItemProxy section */

/* Begin PBXCopyFilesBuildPhase section */
		B22CA0B81D6D76FF009B8F11 /* Embed App Extensions */ = {
			isa = PBXCopyFilesBuildPhase;
			buildActionMask = 2147483647;
			dstPath = "";
			dstSubfolderSpec = 13;
			files = (
			);
			name = "Embed App Extensions";
			runOnlyForDeploymentPostprocessing = 0;
		};
/* End PBXCopyFilesBuildPhase section */

/* Begin PBXFileReference section */
		1ECBFBB81F56B25A005C517A /* Deserializer.swift */ = {isa = PBXFileReference; fileEncoding = 4; lastKnownFileType = sourcecode.swift; path = Deserializer.swift; sourceTree = "<group>"; };
		1ECBFBBB1F56BB13005C517A /* MapKit.framework */ = {isa = PBXFileReference; lastKnownFileType = wrapper.framework; name = MapKit.framework; path = System/Library/Frameworks/MapKit.framework; sourceTree = SDKROOT; };
		1EEA17ED1D52115A00205837 /* ResponseHandler.swift */ = {isa = PBXFileReference; fileEncoding = 4; lastKnownFileType = sourcecode.swift; path = ResponseHandler.swift; sourceTree = "<group>"; };
		1EEA17EE1D52115A00205837 /* JSON.swift */ = {isa = PBXFileReference; fileEncoding = 4; lastKnownFileType = sourcecode.swift; path = JSON.swift; sourceTree = "<group>"; };
		1EEA17EF1D52115A00205837 /* RestController.swift */ = {isa = PBXFileReference; fileEncoding = 4; lastKnownFileType = sourcecode.swift; path = RestController.swift; sourceTree = "<group>"; };
		1EEA17F01D52115A00205837 /* RestEssentials.h */ = {isa = PBXFileReference; fileEncoding = 4; lastKnownFileType = sourcecode.c.h; path = RestEssentials.h; sourceTree = "<group>"; };
		1EEA17F11D52115A00205837 /* Result.swift */ = {isa = PBXFileReference; fileEncoding = 4; lastKnownFileType = sourcecode.swift; path = Result.swift; sourceTree = "<group>"; };
		B22CA0A51D6D74DC009B8F11 /* Mapcode.entitlements */ = {isa = PBXFileReference; lastKnownFileType = text.xml; path = Mapcode.entitlements; sourceTree = "<group>"; };
		B2F370EF1D50E85F003D6A17 /* Mapcode.app */ = {isa = PBXFileReference; explicitFileType = wrapper.application; includeInIndex = 0; path = Mapcode.app; sourceTree = BUILT_PRODUCTS_DIR; };
		B2F370F21D50E85F003D6A17 /* AppDelegate.swift */ = {isa = PBXFileReference; lastKnownFileType = sourcecode.swift; path = AppDelegate.swift; sourceTree = "<group>"; };
		B2F370F41D50E85F003D6A17 /* ViewController.swift */ = {isa = PBXFileReference; lastKnownFileType = sourcecode.swift; lineEnding = 0; path = ViewController.swift; sourceTree = "<group>"; xcLanguageSpecificationIdentifier = xcode.lang.swift; };
		B2F370F71D50E85F003D6A17 /* Base */ = {isa = PBXFileReference; lastKnownFileType = file.storyboard; name = Base; path = Base.lproj/Main.storyboard; sourceTree = "<group>"; };
		B2F370F91D50E85F003D6A17 /* Assets.xcassets */ = {isa = PBXFileReference; lastKnownFileType = folder.assetcatalog; path = Assets.xcassets; sourceTree = "<group>"; };
		B2F370FC1D50E85F003D6A17 /* Base */ = {isa = PBXFileReference; lastKnownFileType = file.storyboard; name = Base; path = Base.lproj/LaunchScreen.storyboard; sourceTree = "<group>"; };
		B2F370FE1D50E85F003D6A17 /* Info.plist */ = {isa = PBXFileReference; lastKnownFileType = text.plist.xml; path = Info.plist; sourceTree = "<group>"; };
		B2F371031D50E85F003D6A17 /* MapcodeTests.xctest */ = {isa = PBXFileReference; explicitFileType = wrapper.cfbundle; includeInIndex = 0; path = MapcodeTests.xctest; sourceTree = BUILT_PRODUCTS_DIR; };
		B2F371071D50E85F003D6A17 /* MapcodeTests.swift */ = {isa = PBXFileReference; lastKnownFileType = sourcecode.swift; path = MapcodeTests.swift; sourceTree = "<group>"; };
		B2F371091D50E85F003D6A17 /* Info.plist */ = {isa = PBXFileReference; lastKnownFileType = text.plist.xml; path = Info.plist; sourceTree = "<group>"; };
		B2F3710E1D50E85F003D6A17 /* MapcodeUITests.xctest */ = {isa = PBXFileReference; explicitFileType = wrapper.cfbundle; includeInIndex = 0; path = MapcodeUITests.xctest; sourceTree = BUILT_PRODUCTS_DIR; };
		B2F371121D50E860003D6A17 /* MapcodeUITests.swift */ = {isa = PBXFileReference; lastKnownFileType = sourcecode.swift; path = MapcodeUITests.swift; sourceTree = "<group>"; };
		B2F371141D50E860003D6A17 /* Info.plist */ = {isa = PBXFileReference; lastKnownFileType = text.plist.xml; path = Info.plist; sourceTree = "<group>"; };
/* End PBXFileReference section */

/* Begin PBXFrameworksBuildPhase section */
		B2F370EC1D50E85F003D6A17 /* Frameworks */ = {
			isa = PBXFrameworksBuildPhase;
			buildActionMask = 2147483647;
			files = (
				1ECBFBBC1F56BB13005C517A /* MapKit.framework in Frameworks */,
			);
			runOnlyForDeploymentPostprocessing = 0;
		};
		B2F371001D50E85F003D6A17 /* Frameworks */ = {
			isa = PBXFrameworksBuildPhase;
			buildActionMask = 2147483647;
			files = (
			);
			runOnlyForDeploymentPostprocessing = 0;
		};
		B2F3710B1D50E85F003D6A17 /* Frameworks */ = {
			isa = PBXFrameworksBuildPhase;
			buildActionMask = 2147483647;
			files = (
			);
			runOnlyForDeploymentPostprocessing = 0;
		};
/* End PBXFrameworksBuildPhase section */

/* Begin PBXGroup section */
		1E045B031D523884004E1AA3 /* RestEssentials */ = {
			isa = PBXGroup;
			children = (
				1ECBFBB81F56B25A005C517A /* Deserializer.swift */,
				1EEA17ED1D52115A00205837 /* ResponseHandler.swift */,
				1EEA17EE1D52115A00205837 /* JSON.swift */,
				1EEA17EF1D52115A00205837 /* RestController.swift */,
				1EEA17F01D52115A00205837 /* RestEssentials.h */,
				1EEA17F11D52115A00205837 /* Result.swift */,
			);
			name = RestEssentials;
			sourceTree = "<group>";
		};
		1ECBFBBA1F56BB13005C517A /* Frameworks */ = {
			isa = PBXGroup;
			children = (
				1ECBFBBB1F56BB13005C517A /* MapKit.framework */,
			);
			name = Frameworks;
			sourceTree = "<group>";
		};
		B2F370E61D50E85F003D6A17 = {
			isa = PBXGroup;
			children = (
				B2F370F11D50E85F003D6A17 /* Mapcode */,
				B2F371061D50E85F003D6A17 /* MapcodeTests */,
				B2F371111D50E85F003D6A17 /* MapcodeUITests */,
				B2F370F01D50E85F003D6A17 /* Products */,
				1ECBFBBA1F56BB13005C517A /* Frameworks */,
			);
			sourceTree = "<group>";
		};
		B2F370F01D50E85F003D6A17 /* Products */ = {
			isa = PBXGroup;
			children = (
				B2F370EF1D50E85F003D6A17 /* Mapcode.app */,
				B2F371031D50E85F003D6A17 /* MapcodeTests.xctest */,
				B2F3710E1D50E85F003D6A17 /* MapcodeUITests.xctest */,
			);
			name = Products;
			sourceTree = "<group>";
		};
		B2F370F11D50E85F003D6A17 /* Mapcode */ = {
			isa = PBXGroup;
			children = (
				B22CA0A51D6D74DC009B8F11 /* Mapcode.entitlements */,
				1E045B031D523884004E1AA3 /* RestEssentials */,
				B2F370F21D50E85F003D6A17 /* AppDelegate.swift */,
				B2F370F41D50E85F003D6A17 /* ViewController.swift */,
				B2F370F61D50E85F003D6A17 /* Main.storyboard */,
				B2F370F91D50E85F003D6A17 /* Assets.xcassets */,
				B2F370FB1D50E85F003D6A17 /* LaunchScreen.storyboard */,
				B2F370FE1D50E85F003D6A17 /* Info.plist */,
			);
			path = Mapcode;
			sourceTree = "<group>";
		};
		B2F371061D50E85F003D6A17 /* MapcodeTests */ = {
			isa = PBXGroup;
			children = (
				B2F371071D50E85F003D6A17 /* MapcodeTests.swift */,
				B2F371091D50E85F003D6A17 /* Info.plist */,
			);
			path = MapcodeTests;
			sourceTree = "<group>";
		};
		B2F371111D50E85F003D6A17 /* MapcodeUITests */ = {
			isa = PBXGroup;
			children = (
				B2F371121D50E860003D6A17 /* MapcodeUITests.swift */,
				B2F371141D50E860003D6A17 /* Info.plist */,
			);
			path = MapcodeUITests;
			sourceTree = "<group>";
		};
/* End PBXGroup section */

/* Begin PBXNativeTarget section */
		B2F370EE1D50E85F003D6A17 /* Mapcode */ = {
			isa = PBXNativeTarget;
			buildConfigurationList = B2F371171D50E860003D6A17 /* Build configuration list for PBXNativeTarget "Mapcode" */;
			buildPhases = (
				B2F370EB1D50E85F003D6A17 /* Sources */,
				B2F370EC1D50E85F003D6A17 /* Frameworks */,
				B2F370ED1D50E85F003D6A17 /* Resources */,
				B22CA0B81D6D76FF009B8F11 /* Embed App Extensions */,
			);
			buildRules = (
			);
			dependencies = (
			);
			name = Mapcode;
			productName = Mapcode;
			productReference = B2F370EF1D50E85F003D6A17 /* Mapcode.app */;
			productType = "com.apple.product-type.application";
		};
		B2F371021D50E85F003D6A17 /* MapcodeTests */ = {
			isa = PBXNativeTarget;
			buildConfigurationList = B2F3711A1D50E860003D6A17 /* Build configuration list for PBXNativeTarget "MapcodeTests" */;
			buildPhases = (
				B2F370FF1D50E85F003D6A17 /* Sources */,
				B2F371001D50E85F003D6A17 /* Frameworks */,
				B2F371011D50E85F003D6A17 /* Resources */,
			);
			buildRules = (
			);
			dependencies = (
				B2F371051D50E85F003D6A17 /* PBXTargetDependency */,
			);
			name = MapcodeTests;
			productName = MapcodeTests;
			productReference = B2F371031D50E85F003D6A17 /* MapcodeTests.xctest */;
			productType = "com.apple.product-type.bundle.unit-test";
		};
		B2F3710D1D50E85F003D6A17 /* MapcodeUITests */ = {
			isa = PBXNativeTarget;
			buildConfigurationList = B2F3711D1D50E860003D6A17 /* Build configuration list for PBXNativeTarget "MapcodeUITests" */;
			buildPhases = (
				B2F3710A1D50E85F003D6A17 /* Sources */,
				B2F3710B1D50E85F003D6A17 /* Frameworks */,
				B2F3710C1D50E85F003D6A17 /* Resources */,
			);
			buildRules = (
			);
			dependencies = (
				B2F371101D50E85F003D6A17 /* PBXTargetDependency */,
			);
			name = MapcodeUITests;
			productName = MapcodeUITests;
			productReference = B2F3710E1D50E85F003D6A17 /* MapcodeUITests.xctest */;
			productType = "com.apple.product-type.bundle.ui-testing";
		};
/* End PBXNativeTarget section */

/* Begin PBXProject section */
		B2F370E71D50E85F003D6A17 /* Project object */ = {
			isa = PBXProject;
			attributes = {
				LastSwiftUpdateCheck = 0730;
				LastUpgradeCheck = 0900;
				ORGANIZATIONNAME = "Mapcode Foundation";
				TargetAttributes = {
					B2F370EE1D50E85F003D6A17 = {
						CreatedOnToolsVersion = 7.3.1;
						DevelopmentTeam = 7XU85Q8A38;
						LastSwiftMigration = 0900;
						SystemCapabilities = {
							com.apple.ApplicationGroups.iOS = {
								enabled = 1;
							};
							com.apple.Maps.iOS = {
								enabled = 1;
							};
						};
					};
					B2F371021D50E85F003D6A17 = {
						CreatedOnToolsVersion = 7.3.1;
						LastSwiftMigration = 0900;
						TestTargetID = B2F370EE1D50E85F003D6A17;
					};
					B2F3710D1D50E85F003D6A17 = {
						CreatedOnToolsVersion = 7.3.1;
						LastSwiftMigration = 0900;
						TestTargetID = B2F370EE1D50E85F003D6A17;
					};
				};
			};
			buildConfigurationList = B2F370EA1D50E85F003D6A17 /* Build configuration list for PBXProject "Mapcode" */;
			compatibilityVersion = "Xcode 3.1";
			developmentRegion = English;
			hasScannedForEncodings = 0;
			knownRegions = (
				en,
				Base,
			);
			mainGroup = B2F370E61D50E85F003D6A17;
			productRefGroup = B2F370F01D50E85F003D6A17 /* Products */;
			projectDirPath = "";
			projectRoot = "";
			targets = (
				B2F370EE1D50E85F003D6A17 /* Mapcode */,
				B2F371021D50E85F003D6A17 /* MapcodeTests */,
				B2F3710D1D50E85F003D6A17 /* MapcodeUITests */,
			);
		};
/* End PBXProject section */

/* Begin PBXResourcesBuildPhase section */
		B2F370ED1D50E85F003D6A17 /* Resources */ = {
			isa = PBXResourcesBuildPhase;
			buildActionMask = 2147483647;
			files = (
				B2F370FD1D50E85F003D6A17 /* LaunchScreen.storyboard in Resources */,
				B2F370FA1D50E85F003D6A17 /* Assets.xcassets in Resources */,
				B2F370F81D50E85F003D6A17 /* Main.storyboard in Resources */,
			);
			runOnlyForDeploymentPostprocessing = 0;
		};
		B2F371011D50E85F003D6A17 /* Resources */ = {
			isa = PBXResourcesBuildPhase;
			buildActionMask = 2147483647;
			files = (
			);
			runOnlyForDeploymentPostprocessing = 0;
		};
		B2F3710C1D50E85F003D6A17 /* Resources */ = {
			isa = PBXResourcesBuildPhase;
			buildActionMask = 2147483647;
			files = (
			);
			runOnlyForDeploymentPostprocessing = 0;
		};
/* End PBXResourcesBuildPhase section */

/* Begin PBXSourcesBuildPhase section */
		B2F370EB1D50E85F003D6A17 /* Sources */ = {
			isa = PBXSourcesBuildPhase;
			buildActionMask = 2147483647;
			files = (
				1ECBFBB91F56B25A005C517A /* Deserializer.swift in Sources */,
				1EEA17F51D52115A00205837 /* Result.swift in Sources */,
				B2F370F51D50E85F003D6A17 /* ViewController.swift in Sources */,
				B2F370F31D50E85F003D6A17 /* AppDelegate.swift in Sources */,
				1EEA17F21D52115A00205837 /* ResponseHandler.swift in Sources */,
				1EEA17F41D52115A00205837 /* RestController.swift in Sources */,
				1EEA17F31D52115A00205837 /* JSON.swift in Sources */,
			);
			runOnlyForDeploymentPostprocessing = 0;
		};
		B2F370FF1D50E85F003D6A17 /* Sources */ = {
			isa = PBXSourcesBuildPhase;
			buildActionMask = 2147483647;
			files = (
				B2F371081D50E85F003D6A17 /* MapcodeTests.swift in Sources */,
			);
			runOnlyForDeploymentPostprocessing = 0;
		};
		B2F3710A1D50E85F003D6A17 /* Sources */ = {
			isa = PBXSourcesBuildPhase;
			buildActionMask = 2147483647;
			files = (
				B2F371131D50E860003D6A17 /* MapcodeUITests.swift in Sources */,
			);
			runOnlyForDeploymentPostprocessing = 0;
		};
/* End PBXSourcesBuildPhase section */

/* Begin PBXTargetDependency section */
		B2F371051D50E85F003D6A17 /* PBXTargetDependency */ = {
			isa = PBXTargetDependency;
			target = B2F370EE1D50E85F003D6A17 /* Mapcode */;
			targetProxy = B2F371041D50E85F003D6A17 /* PBXContainerItemProxy */;
		};
		B2F371101D50E85F003D6A17 /* PBXTargetDependency */ = {
			isa = PBXTargetDependency;
			target = B2F370EE1D50E85F003D6A17 /* Mapcode */;
			targetProxy = B2F3710F1D50E85F003D6A17 /* PBXContainerItemProxy */;
		};
/* End PBXTargetDependency section */

/* Begin PBXVariantGroup section */
		B2F370F61D50E85F003D6A17 /* Main.storyboard */ = {
			isa = PBXVariantGroup;
			children = (
				B2F370F71D50E85F003D6A17 /* Base */,
			);
			name = Main.storyboard;
			sourceTree = "<group>";
		};
		B2F370FB1D50E85F003D6A17 /* LaunchScreen.storyboard */ = {
			isa = PBXVariantGroup;
			children = (
				B2F370FC1D50E85F003D6A17 /* Base */,
			);
			name = LaunchScreen.storyboard;
			sourceTree = "<group>";
		};
/* End PBXVariantGroup section */

/* Begin XCBuildConfiguration section */
		B2F371151D50E860003D6A17 /* Debug */ = {
			isa = XCBuildConfiguration;
			buildSettings = {
				ALWAYS_SEARCH_USER_PATHS = NO;
				CLANG_ANALYZER_NONNULL = YES;
				CLANG_CXX_LANGUAGE_STANDARD = "gnu++0x";
				CLANG_CXX_LIBRARY = "libc++";
				CLANG_ENABLE_MODULES = YES;
				CLANG_ENABLE_OBJC_ARC = YES;
				CLANG_WARN_BLOCK_CAPTURE_AUTORELEASING = YES;
				CLANG_WARN_BOOL_CONVERSION = YES;
				CLANG_WARN_COMMA = YES;
				CLANG_WARN_CONSTANT_CONVERSION = YES;
				CLANG_WARN_DIRECT_OBJC_ISA_USAGE = YES_ERROR;
				CLANG_WARN_EMPTY_BODY = YES;
				CLANG_WARN_ENUM_CONVERSION = YES;
				CLANG_WARN_INFINITE_RECURSION = YES;
				CLANG_WARN_INT_CONVERSION = YES;
				CLANG_WARN_NON_LITERAL_NULL_CONVERSION = YES;
				CLANG_WARN_OBJC_LITERAL_CONVERSION = YES;
				CLANG_WARN_OBJC_ROOT_CLASS = YES_ERROR;
				CLANG_WARN_RANGE_LOOP_ANALYSIS = YES;
				CLANG_WARN_STRICT_PROTOTYPES = YES;
				CLANG_WARN_SUSPICIOUS_MOVE = YES;
				CLANG_WARN_UNREACHABLE_CODE = YES;
				CLANG_WARN__DUPLICATE_METHOD_MATCH = YES;
				CODE_SIGN_IDENTITY = "iPhone Distribution";
				"CODE_SIGN_IDENTITY[sdk=iphoneos*]" = "iPhone Distribution";
				COPY_PHASE_STRIP = NO;
				DEBUG_INFORMATION_FORMAT = dwarf;
				ENABLE_STRICT_OBJC_MSGSEND = YES;
				ENABLE_TESTABILITY = YES;
				GCC_C_LANGUAGE_STANDARD = gnu99;
				GCC_DYNAMIC_NO_PIC = NO;
				GCC_NO_COMMON_BLOCKS = YES;
				GCC_OPTIMIZATION_LEVEL = 0;
				GCC_PREPROCESSOR_DEFINITIONS = (
					"DEBUG=1",
					"$(inherited)",
				);
				GCC_WARN_64_TO_32_BIT_CONVERSION = YES;
				GCC_WARN_ABOUT_RETURN_TYPE = YES_ERROR;
				GCC_WARN_UNDECLARED_SELECTOR = YES;
				GCC_WARN_UNINITIALIZED_AUTOS = YES_AGGRESSIVE;
				GCC_WARN_UNUSED_FUNCTION = YES;
				GCC_WARN_UNUSED_VARIABLE = YES;
				IPHONEOS_DEPLOYMENT_TARGET = 8.1;
				MTL_ENABLE_DEBUG_INFO = YES;
				ONLY_ACTIVE_ARCH = YES;
				SDKROOT = iphoneos;
				SWIFT_OPTIMIZATION_LEVEL = "-Onone";
			};
			name = Debug;
		};
		B2F371161D50E860003D6A17 /* Release */ = {
			isa = XCBuildConfiguration;
			buildSettings = {
				ALWAYS_SEARCH_USER_PATHS = NO;
				CLANG_ANALYZER_NONNULL = YES;
				CLANG_CXX_LANGUAGE_STANDARD = "gnu++0x";
				CLANG_CXX_LIBRARY = "libc++";
				CLANG_ENABLE_MODULES = YES;
				CLANG_ENABLE_OBJC_ARC = YES;
				CLANG_WARN_BLOCK_CAPTURE_AUTORELEASING = YES;
				CLANG_WARN_BOOL_CONVERSION = YES;
				CLANG_WARN_COMMA = YES;
				CLANG_WARN_CONSTANT_CONVERSION = YES;
				CLANG_WARN_DIRECT_OBJC_ISA_USAGE = YES_ERROR;
				CLANG_WARN_EMPTY_BODY = YES;
				CLANG_WARN_ENUM_CONVERSION = YES;
				CLANG_WARN_INFINITE_RECURSION = YES;
				CLANG_WARN_INT_CONVERSION = YES;
				CLANG_WARN_NON_LITERAL_NULL_CONVERSION = YES;
				CLANG_WARN_OBJC_LITERAL_CONVERSION = YES;
				CLANG_WARN_OBJC_ROOT_CLASS = YES_ERROR;
				CLANG_WARN_RANGE_LOOP_ANALYSIS = YES;
				CLANG_WARN_STRICT_PROTOTYPES = YES;
				CLANG_WARN_SUSPICIOUS_MOVE = YES;
				CLANG_WARN_UNREACHABLE_CODE = YES;
				CLANG_WARN__DUPLICATE_METHOD_MATCH = YES;
				CODE_SIGN_IDENTITY = "iPhone Distribution";
				"CODE_SIGN_IDENTITY[sdk=iphoneos*]" = "iPhone Distribution";
				COPY_PHASE_STRIP = NO;
				DEBUG_INFORMATION_FORMAT = "dwarf-with-dsym";
				ENABLE_NS_ASSERTIONS = NO;
				ENABLE_STRICT_OBJC_MSGSEND = YES;
				GCC_C_LANGUAGE_STANDARD = gnu99;
				GCC_NO_COMMON_BLOCKS = YES;
				GCC_WARN_64_TO_32_BIT_CONVERSION = YES;
				GCC_WARN_ABOUT_RETURN_TYPE = YES_ERROR;
				GCC_WARN_UNDECLARED_SELECTOR = YES;
				GCC_WARN_UNINITIALIZED_AUTOS = YES_AGGRESSIVE;
				GCC_WARN_UNUSED_FUNCTION = YES;
				GCC_WARN_UNUSED_VARIABLE = YES;
				IPHONEOS_DEPLOYMENT_TARGET = 8.1;
				MTL_ENABLE_DEBUG_INFO = NO;
				SDKROOT = iphoneos;
				SWIFT_OPTIMIZATION_LEVEL = "-Owholemodule";
				VALIDATE_PRODUCT = YES;
			};
			name = Release;
		};
		B2F371181D50E860003D6A17 /* Debug */ = {
			isa = XCBuildConfiguration;
			buildSettings = {
				ASSETCATALOG_COMPILER_APPICON_NAME = AppIcon;
				ASSETCATALOG_COMPILER_LAUNCHIMAGE_NAME = LaunchImage;
				CODE_SIGN_ENTITLEMENTS = Mapcode/Mapcode.entitlements;
				CODE_SIGN_IDENTITY = "iPhone Developer";
				"CODE_SIGN_IDENTITY[sdk=iphoneos*]" = "iPhone Developer";
				CURRENT_PROJECT_VERSION = 1003;
				INFOPLIST_FILE = Mapcode/Info.plist;
				IPHONEOS_DEPLOYMENT_TARGET = 8.1;
				LD_RUNPATH_SEARCH_PATHS = "$(inherited) @executable_path/Frameworks";
				OTHER_SWIFT_FLAGS = "-D DEBUG";
				PRODUCT_BUNDLE_IDENTIFIER = com.mapcode.Mapcode;
				PRODUCT_NAME = "$(TARGET_NAME)";
				PROVISIONING_PROFILE = "";
				SWIFT_SWIFT3_OBJC_INFERENCE = Default;
				SWIFT_VERSION = 4.0;
				TARGETED_DEVICE_FAMILY = "1,2";
				VERSIONING_SYSTEM = "apple-generic";
			};
			name = Debug;
		};
		B2F371191D50E860003D6A17 /* Release */ = {
			isa = XCBuildConfiguration;
			buildSettings = {
				ASSETCATALOG_COMPILER_APPICON_NAME = AppIcon;
				ASSETCATALOG_COMPILER_LAUNCHIMAGE_NAME = LaunchImage;
				CODE_SIGN_ENTITLEMENTS = Mapcode/Mapcode.entitlements;
				CODE_SIGN_IDENTITY = "iPhone Developer";
				"CODE_SIGN_IDENTITY[sdk=iphoneos*]" = "iPhone Developer";
				CURRENT_PROJECT_VERSION = 1003;
				INFOPLIST_FILE = Mapcode/Info.plist;
				IPHONEOS_DEPLOYMENT_TARGET = 8.1;
				LD_RUNPATH_SEARCH_PATHS = "$(inherited) @executable_path/Frameworks";
				OTHER_SWIFT_FLAGS = "";
				PRODUCT_BUNDLE_IDENTIFIER = com.mapcode.Mapcode;
				PRODUCT_NAME = "$(TARGET_NAME)";
				PROVISIONING_PROFILE = "";
				SWIFT_SWIFT3_OBJC_INFERENCE = Default;
				SWIFT_VERSION = 4.0;
				TARGETED_DEVICE_FAMILY = "1,2";
				VERSIONING_SYSTEM = "apple-generic";
			};
			name = Release;
		};
		B2F3711B1D50E860003D6A17 /* Debug */ = {
			isa = XCBuildConfiguration;
			buildSettings = {
				BUNDLE_LOADER = "$(TEST_HOST)";
				CODE_SIGN_IDENTITY = "iPhone Developer";
				INFOPLIST_FILE = MapcodeTests/Info.plist;
				LD_RUNPATH_SEARCH_PATHS = "$(inherited) @executable_path/Frameworks @loader_path/Frameworks";
				PRODUCT_BUNDLE_IDENTIFIER = com.mapcode.MapcodeTests;
				PRODUCT_NAME = "$(TARGET_NAME)";
				SWIFT_SWIFT3_OBJC_INFERENCE = Default;
				SWIFT_VERSION = 4.0;
				TEST_HOST = "$(BUILT_PRODUCTS_DIR)/Mapcode.app/Mapcode";
			};
			name = Debug;
		};
		B2F3711C1D50E860003D6A17 /* Release */ = {
			isa = XCBuildConfiguration;
			buildSettings = {
				BUNDLE_LOADER = "$(TEST_HOST)";
				CODE_SIGN_IDENTITY = "iPhone Developer";
				INFOPLIST_FILE = MapcodeTests/Info.plist;
				LD_RUNPATH_SEARCH_PATHS = "$(inherited) @executable_path/Frameworks @loader_path/Frameworks";
				PRODUCT_BUNDLE_IDENTIFIER = com.mapcode.MapcodeTests;
				PRODUCT_NAME = "$(TARGET_NAME)";
				SWIFT_SWIFT3_OBJC_INFERENCE = Default;
				SWIFT_VERSION = 4.0;
				TEST_HOST = "$(BUILT_PRODUCTS_DIR)/Mapcode.app/Mapcode";
			};
			name = Release;
		};
		B2F3711E1D50E860003D6A17 /* Debug */ = {
			isa = XCBuildConfiguration;
			buildSettings = {
				CODE_SIGN_IDENTITY = "iPhone Developer";
				INFOPLIST_FILE = MapcodeUITests/Info.plist;
				LD_RUNPATH_SEARCH_PATHS = "$(inherited) @executable_path/Frameworks @loader_path/Frameworks";
				PRODUCT_BUNDLE_IDENTIFIER = com.mapcode.MapcodeUITests;
				PRODUCT_NAME = "$(TARGET_NAME)";
				SWIFT_SWIFT3_OBJC_INFERENCE = Default;
				SWIFT_VERSION = 4.0;
				TEST_TARGET_NAME = Mapcode;
			};
			name = Debug;
		};
		B2F3711F1D50E860003D6A17 /* Release */ = {
			isa = XCBuildConfiguration;
			buildSettings = {
				CODE_SIGN_IDENTITY = "iPhone Developer";
				INFOPLIST_FILE = MapcodeUITests/Info.plist;
				LD_RUNPATH_SEARCH_PATHS = "$(inherited) @executable_path/Frameworks @loader_path/Frameworks";
				PRODUCT_BUNDLE_IDENTIFIER = com.mapcode.MapcodeUITests;
				PRODUCT_NAME = "$(TARGET_NAME)";
				SWIFT_SWIFT3_OBJC_INFERENCE = Default;
				SWIFT_VERSION = 4.0;
				TEST_TARGET_NAME = Mapcode;
			};
			name = Release;
		};
/* End XCBuildConfiguration section */

/* Begin XCConfigurationList section */
		B2F370EA1D50E85F003D6A17 /* Build configuration list for PBXProject "Mapcode" */ = {
			isa = XCConfigurationList;
			buildConfigurations = (
				B2F371151D50E860003D6A17 /* Debug */,
				B2F371161D50E860003D6A17 /* Release */,
			);
			defaultConfigurationIsVisible = 0;
			defaultConfigurationName = Release;
		};
		B2F371171D50E860003D6A17 /* Build configuration list for PBXNativeTarget "Mapcode" */ = {
			isa = XCConfigurationList;
			buildConfigurations = (
				B2F371181D50E860003D6A17 /* Debug */,
				B2F371191D50E860003D6A17 /* Release */,
			);
			defaultConfigurationIsVisible = 0;
			defaultConfigurationName = Release;
		};
		B2F3711A1D50E860003D6A17 /* Build configuration list for PBXNativeTarget "MapcodeTests" */ = {
			isa = XCConfigurationList;
			buildConfigurations = (
				B2F3711B1D50E860003D6A17 /* Debug */,
				B2F3711C1D50E860003D6A17 /* Release */,
			);
			defaultConfigurationIsVisible = 0;
			defaultConfigurationName = Release;
		};
		B2F3711D1D50E860003D6A17 /* Build configuration list for PBXNativeTarget "MapcodeUITests" */ = {
			isa = XCConfigurationList;
			buildConfigurations = (
				B2F3711E1D50E860003D6A17 /* Debug */,
				B2F3711F1D50E860003D6A17 /* Release */,
			);
			defaultConfigurationIsVisible = 0;
			defaultConfigurationName = Release;
		};
/* End XCConfigurationList section */
	};
	rootObject = B2F370E71D50E85F003D6A17 /* Project object */;
}
